// !$*UTF8*$!
{
	archiveVersion = 1;
	classes = {
	};
	objectVersion = 46;
	objects = {

/* Begin PBXBuildFile section */
		355FFB2415F509400062DF99 /* UIKit.framework in Frameworks */ = {isa = PBXBuildFile; fileRef = 355FFB2315F509400062DF99 /* UIKit.framework */; };
		355FFB2615F509400062DF99 /* Foundation.framework in Frameworks */ = {isa = PBXBuildFile; fileRef = 355FFB2515F509400062DF99 /* Foundation.framework */; };
		355FFB2815F509400062DF99 /* CoreGraphics.framework in Frameworks */ = {isa = PBXBuildFile; fileRef = 355FFB2715F509400062DF99 /* CoreGraphics.framework */; };
		355FFB2E15F509400062DF99 /* InfoPlist.strings in Resources */ = {isa = PBXBuildFile; fileRef = 355FFB2C15F509400062DF99 /* InfoPlist.strings */; };
		355FFB3015F509400062DF99 /* main.m in Sources */ = {isa = PBXBuildFile; fileRef = 355FFB2F15F509400062DF99 /* main.m */; };
		355FFB3415F509400062DF99 /* AppDelegate.m in Sources */ = {isa = PBXBuildFile; fileRef = 355FFB3315F509400062DF99 /* AppDelegate.m */; };
		355FFB3715F509400062DF99 /* MainStoryboard.storyboard in Resources */ = {isa = PBXBuildFile; fileRef = 355FFB3515F509400062DF99 /* MainStoryboard.storyboard */; };
		355FFB3A15F509400062DF99 /* ViewController.m in Sources */ = {isa = PBXBuildFile; fileRef = 355FFB3915F509400062DF99 /* ViewController.m */; };
		E04023471FA731E900755FC6 /* Images.xcassets in Resources */ = {isa = PBXBuildFile; fileRef = E04023461FA731E900755FC6 /* Images.xcassets */; };
		E06AEA4D1F66C6BB00FE8854 /* CoreText.framework in Frameworks */ = {isa = PBXBuildFile; fileRef = E06AEA4C1F66C6BB00FE8854 /* CoreText.framework */; };
		E0794EAC1FBED59900E81AF4 /* QvaeLib.mm in Sources */ = {isa = PBXBuildFile; fileRef = E0794EAA1FBED59900E81AF4 /* QvaeLib.mm */; };
		E0B84CD31FC1257900A1FF78 /* libqvaeLib.a in Frameworks */ = {isa = PBXBuildFile; fileRef = E0B84CD21FC1257900A1FF78 /* libqvaeLib.a */; };
		E0F2FD421FA07F5600AE06ED /* QvaeView.m in Sources */ = {isa = PBXBuildFile; fileRef = E0F2FD3F1FA07F5600AE06ED /* QvaeView.m */; };
		E0F2FD511FA07F7F00AE06ED /* _texture.png in Resources */ = {isa = PBXBuildFile; fileRef = E0F2FD441FA07F7F00AE06ED /* _texture.png */; };
		E0F2FD531FA07F7F00AE06ED /* 00wara.evd in Resources */ = {isa = PBXBuildFile; fileRef = E0F2FD461FA07F7F00AE06ED /* 00wara.evd */; };
		E0F2FD541FA07F7F00AE06ED /* 01nakinosuke.evd in Resources */ = {isa = PBXBuildFile; fileRef = E0F2FD471FA07F7F00AE06ED /* 01nakinosuke.evd */; };
		E0F2FD551FA07F7F00AE06ED /* 02komatta.evd in Resources */ = {isa = PBXBuildFile; fileRef = E0F2FD481FA07F7F00AE06ED /* 02komatta.evd */; };
		E0F2FD561FA07F7F00AE06ED /* 03animeko.evd in Resources */ = {isa = PBXBuildFile; fileRef = E0F2FD491FA07F7F00AE06ED /* 03animeko.evd */; };
		E0F2FD571FA07F7F00AE06ED /* 04waraparts.evd in Resources */ = {isa = PBXBuildFile; fileRef = E0F2FD4A1FA07F7F00AE06ED /* 04waraparts.evd */; };
		E0F2FD581FA07F7F00AE06ED /* 05munch.evd in Resources */ = {isa = PBXBuildFile; fileRef = E0F2FD4B1FA07F7F00AE06ED /* 05munch.evd */; };
		E0F2FD591FA07F7F00AE06ED /* 06transform.evd in Resources */ = {isa = PBXBuildFile; fileRef = E0F2FD4C1FA07F7F00AE06ED /* 06transform.evd */; };
		E0F2FD5A1FA07F7F00AE06ED /* afa9va.png in Resources */ = {isa = PBXBuildFile; fileRef = E0F2FD4D1FA07F7F00AE06ED /* afa9va.png */; };
		E0F2FD5C1FA07F7F00AE06ED /* stamp_eng.evd in Resources */ = {isa = PBXBuildFile; fileRef = E0F2FD4F1FA07F7F00AE06ED /* stamp_eng.evd */; };
		E0F2FD5D1FA07F7F00AE06ED /* stamp.evd in Resources */ = {isa = PBXBuildFile; fileRef = E0F2FD501FA07F7F00AE06ED /* stamp.evd */; };
		E0F2FD5F1FA080C500AE06ED /* AssetsLibrary.framework in Frameworks */ = {isa = PBXBuildFile; fileRef = E0F2FD5E1FA080C500AE06ED /* AssetsLibrary.framework */; };
		E0F2FD611FA080D600AE06ED /* AVFoundation.framework in Frameworks */ = {isa = PBXBuildFile; fileRef = E0F2FD601FA080D600AE06ED /* AVFoundation.framework */; };
		E0F2FD631FA084D200AE06ED /* Twitter.framework in Frameworks */ = {isa = PBXBuildFile; fileRef = E0F2FD621FA084D200AE06ED /* Twitter.framework */; };
/* End PBXBuildFile section */

/* Begin PBXFileReference section */
		355FFB1F15F509400062DF99 /* 9VAe.app */ = {isa = PBXFileReference; explicitFileType = wrapper.application; includeInIndex = 0; path = 9VAe.app; sourceTree = BUILT_PRODUCTS_DIR; };
		355FFB2315F509400062DF99 /* UIKit.framework */ = {isa = PBXFileReference; lastKnownFileType = wrapper.framework; name = UIKit.framework; path = System/Library/Frameworks/UIKit.framework; sourceTree = SDKROOT; };
		355FFB2515F509400062DF99 /* Foundation.framework */ = {isa = PBXFileReference; lastKnownFileType = wrapper.framework; name = Foundation.framework; path = System/Library/Frameworks/Foundation.framework; sourceTree = SDKROOT; };
		355FFB2715F509400062DF99 /* CoreGraphics.framework */ = {isa = PBXFileReference; lastKnownFileType = wrapper.framework; name = CoreGraphics.framework; path = System/Library/Frameworks/CoreGraphics.framework; sourceTree = SDKROOT; };
		355FFB2B15F509400062DF99 /* 9VAe-Info.plist */ = {isa = PBXFileReference; lastKnownFileType = text.plist.xml; path = "9VAe-Info.plist"; sourceTree = "<group>"; };
		355FFB2D15F509400062DF99 /* en */ = {isa = PBXFileReference; lastKnownFileType = text.plist.strings; name = en; path = en.lproj/InfoPlist.strings; sourceTree = "<group>"; };
		355FFB2F15F509400062DF99 /* main.m */ = {isa = PBXFileReference; lastKnownFileType = sourcecode.c.objc; path = main.m; sourceTree = "<group>"; };
		355FFB3115F509400062DF99 /* 9VAe-Prefix.pch */ = {isa = PBXFileReference; lastKnownFileType = sourcecode.c.h; path = "9VAe-Prefix.pch"; sourceTree = "<group>"; };
		355FFB3215F509400062DF99 /* AppDelegate.h */ = {isa = PBXFileReference; lastKnownFileType = sourcecode.c.h; path = AppDelegate.h; sourceTree = "<group>"; };
		355FFB3315F509400062DF99 /* AppDelegate.m */ = {isa = PBXFileReference; lastKnownFileType = sourcecode.c.objc; path = AppDelegate.m; sourceTree = "<group>"; };
		355FFB3615F509400062DF99 /* en */ = {isa = PBXFileReference; lastKnownFileType = file.storyboard; name = en; path = en.lproj/MainStoryboard.storyboard; sourceTree = "<group>"; };
		355FFB3815F509400062DF99 /* ViewController.h */ = {isa = PBXFileReference; lastKnownFileType = sourcecode.c.h; path = ViewController.h; sourceTree = "<group>"; };
		355FFB3915F509400062DF99 /* ViewController.m */ = {isa = PBXFileReference; lastKnownFileType = sourcecode.c.objc; path = ViewController.m; sourceTree = "<group>"; };
		E04023461FA731E900755FC6 /* Images.xcassets */ = {isa = PBXFileReference; lastKnownFileType = folder.assetcatalog; path = Images.xcassets; sourceTree = "<group>"; };
		E06AEA4C1F66C6BB00FE8854 /* CoreText.framework */ = {isa = PBXFileReference; lastKnownFileType = wrapper.framework; name = CoreText.framework; path = System/Library/Frameworks/CoreText.framework; sourceTree = SDKROOT; };
		E06AEA4E1F66C6F100FE8854 /* QuartzCore.framework */ = {isa = PBXFileReference; lastKnownFileType = wrapper.framework; name = QuartzCore.framework; path = System/Library/Frameworks/QuartzCore.framework; sourceTree = SDKROOT; };
		E0794EAA1FBED59900E81AF4 /* QvaeLib.mm */ = {isa = PBXFileReference; fileEncoding = 4; lastKnownFileType = sourcecode.cpp.objcpp; name = QvaeLib.mm; path = QvaeLib/QvaeLib.mm; sourceTree = "<group>"; };
		E0B84CD21FC1257900A1FF78 /* libqvaeLib.a */ = {isa = PBXFileReference; lastKnownFileType = archive.ar; name = libqvaeLib.a; path = QvaeLib/libqvaeLib.a; sourceTree = "<group>"; };
		E0F2FD3E1FA07F5600AE06ED /* QvaeView.h */ = {isa = PBXFileReference; fileEncoding = 4; lastKnownFileType = sourcecode.c.h; name = QvaeView.h; path = QvaeLib/QvaeView.h; sourceTree = "<group>"; };
		E0F2FD3F1FA07F5600AE06ED /* QvaeView.m */ = {isa = PBXFileReference; fileEncoding = 4; lastKnownFileType = sourcecode.c.objc; name = QvaeView.m; path = QvaeLib/QvaeView.m; sourceTree = "<group>"; };
		E0F2FD441FA07F7F00AE06ED /* _texture.png */ = {isa = PBXFileReference; lastKnownFileType = image.png; name = _texture.png; path = QvaeLib/data/_texture.png; sourceTree = "<group>"; };
		E0F2FD461FA07F7F00AE06ED /* 00wara.evd */ = {isa = PBXFileReference; lastKnownFileType = file; name = 00wara.evd; path = QvaeLib/data/00wara.evd; sourceTree = "<group>"; };
		E0F2FD471FA07F7F00AE06ED /* 01nakinosuke.evd */ = {isa = PBXFileReference; lastKnownFileType = file; name = 01nakinosuke.evd; path = QvaeLib/data/01nakinosuke.evd; sourceTree = "<group>"; };
		E0F2FD481FA07F7F00AE06ED /* 02komatta.evd */ = {isa = PBXFileReference; lastKnownFileType = file; name = 02komatta.evd; path = QvaeLib/data/02komatta.evd; sourceTree = "<group>"; };
		E0F2FD491FA07F7F00AE06ED /* 03animeko.evd */ = {isa = PBXFileReference; lastKnownFileType = file; name = 03animeko.evd; path = QvaeLib/data/03animeko.evd; sourceTree = "<group>"; };
		E0F2FD4A1FA07F7F00AE06ED /* 04waraparts.evd */ = {isa = PBXFileReference; lastKnownFileType = file; name = 04waraparts.evd; path = QvaeLib/data/04waraparts.evd; sourceTree = "<group>"; };
		E0F2FD4B1FA07F7F00AE06ED /* 05munch.evd */ = {isa = PBXFileReference; lastKnownFileType = file; name = 05munch.evd; path = QvaeLib/data/05munch.evd; sourceTree = "<group>"; };
		E0F2FD4C1FA07F7F00AE06ED /* 06transform.evd */ = {isa = PBXFileReference; lastKnownFileType = file; name = 06transform.evd; path = QvaeLib/data/06transform.evd; sourceTree = "<group>"; };
		E0F2FD4D1FA07F7F00AE06ED /* afa9va.png */ = {isa = PBXFileReference; lastKnownFileType = image.png; name = afa9va.png; path = QvaeLib/data/afa9va.png; sourceTree = "<group>"; };
		E0F2FD4F1FA07F7F00AE06ED /* stamp_eng.evd */ = {isa = PBXFileReference; lastKnownFileType = file; name = stamp_eng.evd; path = QvaeLib/data/stamp_eng.evd; sourceTree = "<group>"; };
		E0F2FD501FA07F7F00AE06ED /* stamp.evd */ = {isa = PBXFileReference; lastKnownFileType = file; name = stamp.evd; path = QvaeLib/data/stamp.evd; sourceTree = "<group>"; };
		E0F2FD5E1FA080C500AE06ED /* AssetsLibrary.framework */ = {isa = PBXFileReference; lastKnownFileType = wrapper.framework; name = AssetsLibrary.framework; path = System/Library/Frameworks/AssetsLibrary.framework; sourceTree = SDKROOT; };
		E0F2FD601FA080D600AE06ED /* AVFoundation.framework */ = {isa = PBXFileReference; lastKnownFileType = wrapper.framework; name = AVFoundation.framework; path = System/Library/Frameworks/AVFoundation.framework; sourceTree = SDKROOT; };
		E0F2FD621FA084D200AE06ED /* Twitter.framework */ = {isa = PBXFileReference; lastKnownFileType = wrapper.framework; name = Twitter.framework; path = System/Library/Frameworks/Twitter.framework; sourceTree = SDKROOT; };
		E0F2FD651FA1BA2000AE06ED /* qvaeLib.h */ = {isa = PBXFileReference; fileEncoding = 4; lastKnownFileType = sourcecode.c.h; name = qvaeLib.h; path = QvaeLib/qvaeLib.h; sourceTree = "<group>"; };
		E0F2FE741FA1BFD500AE06ED /* QvaeDef.h */ = {isa = PBXFileReference; fileEncoding = 4; lastKnownFileType = sourcecode.c.h; name = QvaeDef.h; path = QvaeLib/QvaeDef.h; sourceTree = "<group>"; };
/* End PBXFileReference section */

/* Begin PBXFrameworksBuildPhase section */
		355FFB1C15F5093F0062DF99 /* Frameworks */ = {
			isa = PBXFrameworksBuildPhase;
			buildActionMask = 2147483647;
			files = (
				E0B84CD31FC1257900A1FF78 /* libqvaeLib.a in Frameworks */,
				E0F2FD631FA084D200AE06ED /* Twitter.framework in Frameworks */,
				E0F2FD611FA080D600AE06ED /* AVFoundation.framework in Frameworks */,
				E0F2FD5F1FA080C500AE06ED /* AssetsLibrary.framework in Frameworks */,
				E06AEA4D1F66C6BB00FE8854 /* CoreText.framework in Frameworks */,
				355FFB2415F509400062DF99 /* UIKit.framework in Frameworks */,
				355FFB2615F509400062DF99 /* Foundation.framework in Frameworks */,
				355FFB2815F509400062DF99 /* CoreGraphics.framework in Frameworks */,
			);
			runOnlyForDeploymentPostprocessing = 0;
		};
/* End PBXFrameworksBuildPhase section */

/* Begin PBXGroup section */
		355FFB1415F5093F0062DF99 = {
			isa = PBXGroup;
			children = (
				E0F2FD391FA07F3400AE06ED /* QvaeLib */,
				355FFB2915F509400062DF99 /* DrawPad */,
				355FFB2215F509400062DF99 /* Frameworks */,
				355FFB2015F509400062DF99 /* Products */,
			);
			sourceTree = "<group>";
		};
		355FFB2015F509400062DF99 /* Products */ = {
			isa = PBXGroup;
			children = (
				355FFB1F15F509400062DF99 /* 9VAe.app */,
			);
			name = Products;
			sourceTree = "<group>";
		};
		355FFB2215F509400062DF99 /* Frameworks */ = {
			isa = PBXGroup;
			children = (
				E0B84CD21FC1257900A1FF78 /* libqvaeLib.a */,
				E0F2FD621FA084D200AE06ED /* Twitter.framework */,
				E0F2FD601FA080D600AE06ED /* AVFoundation.framework */,
				E0F2FD5E1FA080C500AE06ED /* AssetsLibrary.framework */,
				355FFB2715F509400062DF99 /* CoreGraphics.framework */,
				E06AEA4C1F66C6BB00FE8854 /* CoreText.framework */,
				355FFB2515F509400062DF99 /* Foundation.framework */,
				E06AEA4E1F66C6F100FE8854 /* QuartzCore.framework */,
				355FFB2315F509400062DF99 /* UIKit.framework */,
			);
			name = Frameworks;
			sourceTree = "<group>";
		};
		355FFB2915F509400062DF99 /* DrawPad */ = {
			isa = PBXGroup;
			children = (
				355FFB3515F509400062DF99 /* MainStoryboard.storyboard */,
				355FFB3215F509400062DF99 /* AppDelegate.h */,
				355FFB3315F509400062DF99 /* AppDelegate.m */,
				355FFB3815F509400062DF99 /* ViewController.h */,
				355FFB3915F509400062DF99 /* ViewController.m */,
				E04023461FA731E900755FC6 /* Images.xcassets */,
				355FFB2A15F509400062DF99 /* Supporting Files */,
			);
			path = DrawPad;
			sourceTree = "<group>";
		};
		355FFB2A15F509400062DF99 /* Supporting Files */ = {
			isa = PBXGroup;
			children = (
				355FFB2B15F509400062DF99 /* 9VAe-Info.plist */,
				355FFB2C15F509400062DF99 /* InfoPlist.strings */,
				355FFB2F15F509400062DF99 /* main.m */,
				355FFB3115F509400062DF99 /* 9VAe-Prefix.pch */,
			);
			name = "Supporting Files";
			sourceTree = "<group>";
		};
		E0F2FD391FA07F3400AE06ED /* QvaeLib */ = {
			isa = PBXGroup;
			children = (
				E0794EAA1FBED59900E81AF4 /* QvaeLib.mm */,
				E0F2FE741FA1BFD500AE06ED /* QvaeDef.h */,
				E0F2FD651FA1BA2000AE06ED /* qvaeLib.h */,
				E0F2FD3E1FA07F5600AE06ED /* QvaeView.h */,
				E0F2FD3F1FA07F5600AE06ED /* QvaeView.m */,
				E0F2FD431FA07F5D00AE06ED /* data */,
			);
			name = QvaeLib;
			sourceTree = "<group>";
		};
		E0F2FD431FA07F5D00AE06ED /* data */ = {
			isa = PBXGroup;
			children = (
				E0F2FD441FA07F7F00AE06ED /* _texture.png */,
				E0F2FD461FA07F7F00AE06ED /* 00wara.evd */,
				E0F2FD471FA07F7F00AE06ED /* 01nakinosuke.evd */,
				E0F2FD481FA07F7F00AE06ED /* 02komatta.evd */,
				E0F2FD491FA07F7F00AE06ED /* 03animeko.evd */,
				E0F2FD4A1FA07F7F00AE06ED /* 04waraparts.evd */,
				E0F2FD4B1FA07F7F00AE06ED /* 05munch.evd */,
				E0F2FD4C1FA07F7F00AE06ED /* 06transform.evd */,
				E0F2FD4D1FA07F7F00AE06ED /* afa9va.png */,
				E0F2FD4F1FA07F7F00AE06ED /* stamp_eng.evd */,
				E0F2FD501FA07F7F00AE06ED /* stamp.evd */,
			);
			name = data;
			sourceTree = "<group>";
		};
/* End PBXGroup section */

/* Begin PBXNativeTarget section */
		355FFB1E15F5093F0062DF99 /* 9VAe */ = {
			isa = PBXNativeTarget;
			buildConfigurationList = 355FFB3D15F509400062DF99 /* Build configuration list for PBXNativeTarget "9VAe" */;
			buildPhases = (
				355FFB1B15F5093F0062DF99 /* Sources */,
				355FFB1C15F5093F0062DF99 /* Frameworks */,
				355FFB1D15F5093F0062DF99 /* Resources */,
				E0B84CD41FC2A11900A1FF78 /* ShellScript */,
			);
			buildRules = (
			);
			dependencies = (
			);
			name = 9VAe;
			productName = DrawPad;
			productReference = 355FFB1F15F509400062DF99 /* 9VAe.app */;
			productType = "com.apple.product-type.application";
		};
/* End PBXNativeTarget section */

/* Begin PBXProject section */
		355FFB1615F5093F0062DF99 /* Project object */ = {
			isa = PBXProject;
			attributes = {
				LastUpgradeCheck = 0440;
				ORGANIZATIONNAME = 9vaeLab;
			};
			buildConfigurationList = 355FFB1915F5093F0062DF99 /* Build configuration list for PBXProject "9VAe" */;
			compatibilityVersion = "Xcode 3.2";
			developmentRegion = English;
			hasScannedForEncodings = 0;
			knownRegions = (
				en,
			);
			mainGroup = 355FFB1415F5093F0062DF99;
			productRefGroup = 355FFB2015F509400062DF99 /* Products */;
			projectDirPath = "";
			projectRoot = "";
			targets = (
				355FFB1E15F5093F0062DF99 /* 9VAe */,
			);
		};
/* End PBXProject section */

/* Begin PBXResourcesBuildPhase section */
		355FFB1D15F5093F0062DF99 /* Resources */ = {
			isa = PBXResourcesBuildPhase;
			buildActionMask = 2147483647;
			files = (
				355FFB2E15F509400062DF99 /* InfoPlist.strings in Resources */,
				E04023471FA731E900755FC6 /* Images.xcassets in Resources */,
				355FFB3715F509400062DF99 /* MainStoryboard.storyboard in Resources */,
				E0F2FD571FA07F7F00AE06ED /* 04waraparts.evd in Resources */,
				E0F2FD541FA07F7F00AE06ED /* 01nakinosuke.evd in Resources */,
				E0F2FD511FA07F7F00AE06ED /* _texture.png in Resources */,
				E0F2FD5C1FA07F7F00AE06ED /* stamp_eng.evd in Resources */,
				E0F2FD551FA07F7F00AE06ED /* 02komatta.evd in Resources */,
				E0F2FD5A1FA07F7F00AE06ED /* afa9va.png in Resources */,
				E0F2FD591FA07F7F00AE06ED /* 06transform.evd in Resources */,
				E0F2FD561FA07F7F00AE06ED /* 03animeko.evd in Resources */,
				E0F2FD581FA07F7F00AE06ED /* 05munch.evd in Resources */,
				E0F2FD531FA07F7F00AE06ED /* 00wara.evd in Resources */,
				E0F2FD5D1FA07F7F00AE06ED /* stamp.evd in Resources */,
			);
			runOnlyForDeploymentPostprocessing = 0;
		};
/* End PBXResourcesBuildPhase section */

/* Begin PBXShellScriptBuildPhase section */
		E0B84CD41FC2A11900A1FF78 /* ShellScript */ = {
			isa = PBXShellScriptBuildPhase;
			buildActionMask = 2147483647;
			files = (
			);
			inputPaths = (
			);
			outputPaths = (
			);
			runOnlyForDeploymentPostprocessing = 0;
			shellPath = /bin/sh;
			shellScript = "";
		};
/* End PBXShellScriptBuildPhase section */

/* Begin PBXSourcesBuildPhase section */
		355FFB1B15F5093F0062DF99 /* Sources */ = {
			isa = PBXSourcesBuildPhase;
			buildActionMask = 2147483647;
			files = (
				E0794EAC1FBED59900E81AF4 /* QvaeLib.mm in Sources */,
				355FFB3015F509400062DF99 /* main.m in Sources */,
				355FFB3415F509400062DF99 /* AppDelegate.m in Sources */,
				E0F2FD421FA07F5600AE06ED /* QvaeView.m in Sources */,
				355FFB3A15F509400062DF99 /* ViewController.m in Sources */,
			);
			runOnlyForDeploymentPostprocessing = 0;
		};
/* End PBXSourcesBuildPhase section */

/* Begin PBXVariantGroup section */
		355FFB2C15F509400062DF99 /* InfoPlist.strings */ = {
			isa = PBXVariantGroup;
			children = (
				355FFB2D15F509400062DF99 /* en */,
			);
			name = InfoPlist.strings;
			sourceTree = "<group>";
		};
		355FFB3515F509400062DF99 /* MainStoryboard.storyboard */ = {
			isa = PBXVariantGroup;
			children = (
				355FFB3615F509400062DF99 /* en */,
			);
			name = MainStoryboard.storyboard;
			sourceTree = "<group>";
		};
/* End PBXVariantGroup section */

/* Begin XCBuildConfiguration section */
		355FFB3B15F509400062DF99 /* Debug */ = {
			isa = XCBuildConfiguration;
			buildSettings = {
				ALWAYS_SEARCH_USER_PATHS = NO;
				ARCHS = "$(ARCHS_STANDARD_32_BIT)";
				CLANG_CXX_LANGUAGE_STANDARD = "gnu++0x";
				CLANG_ENABLE_OBJC_ARC = YES;
				CLANG_WARN__DUPLICATE_METHOD_MATCH = YES;
				"CODE_SIGN_IDENTITY[sdk=iphoneos*]" = "iPhone Developer";
				COPY_PHASE_STRIP = NO;
				GCC_C_LANGUAGE_STANDARD = gnu99;
				GCC_DYNAMIC_NO_PIC = NO;
				GCC_OPTIMIZATION_LEVEL = 0;
				GCC_PREPROCESSOR_DEFINITIONS = (
					"DEBUG=1",
					"$(inherited)",
				);
				GCC_SYMBOLS_PRIVATE_EXTERN = NO;
				GCC_VERSION = com.apple.compilers.llvm.clang.1_0;
				GCC_WARN_ABOUT_RETURN_TYPE = YES;
				GCC_WARN_UNINITIALIZED_AUTOS = YES;
				GCC_WARN_UNUSED_VARIABLE = YES;
				IPHONEOS_DEPLOYMENT_TARGET = 5.1;
				SDKROOT = iphoneos;
			};
			name = Debug;
		};
		355FFB3C15F509400062DF99 /* Release */ = {
			isa = XCBuildConfiguration;
			buildSettings = {
				ALWAYS_SEARCH_USER_PATHS = NO;
				ARCHS = "$(ARCHS_STANDARD_32_BIT)";
				CLANG_CXX_LANGUAGE_STANDARD = "gnu++0x";
				CLANG_ENABLE_OBJC_ARC = YES;
				CLANG_WARN__DUPLICATE_METHOD_MATCH = YES;
				"CODE_SIGN_IDENTITY[sdk=iphoneos*]" = "iPhone Developer";
				COPY_PHASE_STRIP = YES;
				GCC_C_LANGUAGE_STANDARD = gnu99;
				GCC_VERSION = com.apple.compilers.llvm.clang.1_0;
				GCC_WARN_ABOUT_RETURN_TYPE = YES;
				GCC_WARN_UNINITIALIZED_AUTOS = YES;
				GCC_WARN_UNUSED_VARIABLE = YES;
				IPHONEOS_DEPLOYMENT_TARGET = 5.1;
				OTHER_CFLAGS = "-DNS_BLOCK_ASSERTIONS=1";
				SDKROOT = iphoneos;
				VALIDATE_PRODUCT = YES;
			};
			name = Release;
		};
		355FFB3E15F509400062DF99 /* Debug */ = {
			isa = XCBuildConfiguration;
			buildSettings = {
				ARCHS = "$(ARCHS_STANDARD)";
				ASSETCATALOG_COMPILER_APPICON_NAME = AppIcon;
				ASSETCATALOG_COMPILER_LAUNCHIMAGE_NAME = "";
				DEVELOPMENT_TEAM = "";
				FRAMEWORK_SEARCH_PATHS = "";
				GCC_PRECOMPILE_PREFIX_HEADER = YES;
				GCC_PREFIX_HEADER = "DrawPad/9VAe-Prefix.pch";
				INFOPLIST_FILE = "DrawPad/9VAe-Info.plist";
				IPHONEOS_DEPLOYMENT_TARGET = 9.0;
				LIBRARY_SEARCH_PATHS = (
					"$(inherited)",
					"$(PROJECT_DIR)/QvaeLib",
					"$(PROJECT_DIR)/QvaeLib/Release-iphoneos",
				);
				PRODUCT_BUNDLE_IDENTIFIER = "jp.blogspot.9vaelab.9va-ios";
				PRODUCT_NAME = "$(TARGET_NAME)";
				TARGETED_DEVICE_FAMILY = "1,2";
				WRAPPER_EXTENSION = app;
			};
			name = Debug;
		};
		355FFB3F15F509400062DF99 /* Release */ = {
			isa = XCBuildConfiguration;
			buildSettings = {
				ARCHS = "$(ARCHS_STANDARD)";
				ASSETCATALOG_COMPILER_APPICON_NAME = AppIcon;
				ASSETCATALOG_COMPILER_LAUNCHIMAGE_NAME = "";
				DEVELOPMENT_TEAM = "";
				FRAMEWORK_SEARCH_PATHS = "";
				GCC_PRECOMPILE_PREFIX_HEADER = YES;
				GCC_PREFIX_HEADER = "DrawPad/9VAe-Prefix.pch";
				INFOPLIST_FILE = "DrawPad/9VAe-Info.plist";
				IPHONEOS_DEPLOYMENT_TARGET = 9.0;
				LIBRARY_SEARCH_PATHS = (
					"$(inherited)",
					"$(PROJECT_DIR)/QvaeLib",
					"$(PROJECT_DIR)/QvaeLib/Release-iphoneos",
				);
				PRODUCT_BUNDLE_IDENTIFIER = "jp.blogspot.9vaelab.9va-ios";
				PRODUCT_NAME = "$(TARGET_NAME)";
				TARGETED_DEVICE_FAMILY = "1,2";
				WRAPPER_EXTENSION = app;
			};
			name = Release;
		};
/* End XCBuildConfiguration section */

/* Begin XCConfigurationList section */
		355FFB1915F5093F0062DF99 /* Build configuration list for PBXProject "9VAe" */ = {
			isa = XCConfigurationList;
			buildConfigurations = (
				355FFB3B15F509400062DF99 /* Debug */,
				355FFB3C15F509400062DF99 /* Release */,
			);
			defaultConfigurationIsVisible = 0;
			defaultConfigurationName = Release;
		};
		355FFB3D15F509400062DF99 /* Build configuration list for PBXNativeTarget "9VAe" */ = {
			isa = XCConfigurationList;
			buildConfigurations = (
				355FFB3E15F509400062DF99 /* Debug */,
				355FFB3F15F509400062DF99 /* Release */,
			);
			defaultConfigurationIsVisible = 0;
			defaultConfigurationName = Release;
		};
/* End XCConfigurationList section */
	};
	rootObject = 355FFB1615F5093F0062DF99 /* Project object */;
}
